// !$*UTF8*$!
{
	archiveVersion = 1;
	classes = {
	};
	objectVersion = 56;
	objects = {

/* Begin PBXBuildFile section */
		6E2AAC522B28700D005D46B3 /* TestNotasApp.swift in Sources */ = {isa = PBXBuildFile; fileRef = 6E2AAC512B28700D005D46B3 /* TestNotasApp.swift */; };
		6E2AAC542B28700D005D46B3 /* ContentView.swift in Sources */ = {isa = PBXBuildFile; fileRef = 6E2AAC532B28700D005D46B3 /* ContentView.swift */; };
		6E2AAC582B28700F005D46B3 /* Assets.xcassets in Resources */ = {isa = PBXBuildFile; fileRef = 6E2AAC572B28700F005D46B3 /* Assets.xcassets */; };
		6E2AAC5B2B28700F005D46B3 /* Preview Assets.xcassets in Resources */ = {isa = PBXBuildFile; fileRef = 6E2AAC5A2B28700F005D46B3 /* Preview Assets.xcassets */; };
		6E2AAC622B2870FC005D46B3 /* Note.swift in Sources */ = {isa = PBXBuildFile; fileRef = 6E2AAC612B2870FC005D46B3 /* Note.swift */; };
		6E2AAC652B287509005D46B3 /* ViewModel.swift in Sources */ = {isa = PBXBuildFile; fileRef = 6E2AAC642B287509005D46B3 /* ViewModel.swift */; };
		6E953EDC2B2AFD16005893DF /* ViewModelTest.swift in Sources */ = {isa = PBXBuildFile; fileRef = 6E953EDB2B2AFD16005893DF /* ViewModelTest.swift */; };
		6EB242912B29AA8C00017956 /* CreateNoteView.swift in Sources */ = {isa = PBXBuildFile; fileRef = 6EB242902B29AA8C00017956 /* CreateNoteView.swift */; };
		6EB242932B29B28400017956 /* UpdateNoteView.swift in Sources */ = {isa = PBXBuildFile; fileRef = 6EB242922B29B28400017956 /* UpdateNoteView.swift */; };
		6EB2429C2B2A4AA400017956 /* TestNotasTests.swift in Sources */ = {isa = PBXBuildFile; fileRef = 6EB2429B2B2A4AA400017956 /* TestNotasTests.swift */; };
/* End PBXBuildFile section */

/* Begin PBXContainerItemProxy section */
		6EB2429D2B2A4AA500017956 /* PBXContainerItemProxy */ = {
			isa = PBXContainerItemProxy;
			containerPortal = 6E2AAC462B28700D005D46B3 /* Project object */;
			proxyType = 1;
			remoteGlobalIDString = 6E2AAC4D2B28700D005D46B3;
			remoteInfo = TestNotas;
		};
/* End PBXContainerItemProxy section */

/* Begin PBXFileReference section */
		6E2AAC4E2B28700D005D46B3 /* TestNotas.app */ = {isa = PBXFileReference; explicitFileType = wrapper.application; includeInIndex = 0; path = TestNotas.app; sourceTree = BUILT_PRODUCTS_DIR; };
		6E2AAC512B28700D005D46B3 /* TestNotasApp.swift */ = {isa = PBXFileReference; lastKnownFileType = sourcecode.swift; path = TestNotasApp.swift; sourceTree = "<group>"; };
		6E2AAC532B28700D005D46B3 /* ContentView.swift */ = {isa = PBXFileReference; lastKnownFileType = sourcecode.swift; path = ContentView.swift; sourceTree = "<group>"; };
		6E2AAC572B28700F005D46B3 /* Assets.xcassets */ = {isa = PBXFileReference; lastKnownFileType = folder.assetcatalog; path = Assets.xcassets; sourceTree = "<group>"; };
		6E2AAC5A2B28700F005D46B3 /* Preview Assets.xcassets */ = {isa = PBXFileReference; lastKnownFileType = folder.assetcatalog; path = "Preview Assets.xcassets"; sourceTree = "<group>"; };
		6E2AAC612B2870FC005D46B3 /* Note.swift */ = {isa = PBXFileReference; lastKnownFileType = sourcecode.swift; path = Note.swift; sourceTree = "<group>"; };
		6E2AAC642B287509005D46B3 /* ViewModel.swift */ = {isa = PBXFileReference; lastKnownFileType = sourcecode.swift; path = ViewModel.swift; sourceTree = "<group>"; };
		6E953EDB2B2AFD16005893DF /* ViewModelTest.swift */ = {isa = PBXFileReference; lastKnownFileType = sourcecode.swift; path = ViewModelTest.swift; sourceTree = "<group>"; };
		6EB242902B29AA8C00017956 /* CreateNoteView.swift */ = {isa = PBXFileReference; lastKnownFileType = sourcecode.swift; path = CreateNoteView.swift; sourceTree = "<group>"; };
		6EB242922B29B28400017956 /* UpdateNoteView.swift */ = {isa = PBXFileReference; lastKnownFileType = sourcecode.swift; path = UpdateNoteView.swift; sourceTree = "<group>"; };
		6EB242992B2A4AA000017956 /* TestNotasTests.xctest */ = {isa = PBXFileReference; explicitFileType = wrapper.cfbundle; includeInIndex = 0; path = TestNotasTests.xctest; sourceTree = BUILT_PRODUCTS_DIR; };
		6EB2429B2B2A4AA400017956 /* TestNotasTests.swift */ = {isa = PBXFileReference; lastKnownFileType = sourcecode.swift; path = TestNotasTests.swift; sourceTree = "<group>"; };
/* End PBXFileReference section */

/* Begin PBXFrameworksBuildPhase section */
		6E2AAC4B2B28700D005D46B3 /* Frameworks */ = {
			isa = PBXFrameworksBuildPhase;
			buildActionMask = 2147483647;
			files = (
			);
			runOnlyForDeploymentPostprocessing = 0;
		};
		6EB242962B2A4A9F00017956 /* Frameworks */ = {
			isa = PBXFrameworksBuildPhase;
			buildActionMask = 2147483647;
			files = (
			);
			runOnlyForDeploymentPostprocessing = 0;
		};
/* End PBXFrameworksBuildPhase section */

/* Begin PBXGroup section */
		6E2AAC452B28700D005D46B3 = {
			isa = PBXGroup;
			children = (
				6E2AAC502B28700D005D46B3 /* TestNotas */,
				6EB2429A2B2A4AA400017956 /* TestNotasTests */,
				6E2AAC4F2B28700D005D46B3 /* Products */,
			);
			sourceTree = "<group>";
		};
		6E2AAC4F2B28700D005D46B3 /* Products */ = {
			isa = PBXGroup;
			children = (
				6E2AAC4E2B28700D005D46B3 /* TestNotas.app */,
				6EB242992B2A4AA000017956 /* TestNotasTests.xctest */,
			);
			name = Products;
			sourceTree = "<group>";
		};
		6E2AAC502B28700D005D46B3 /* TestNotas */ = {
			isa = PBXGroup;
			children = (
				6E2AAC512B28700D005D46B3 /* TestNotasApp.swift */,
				6E2AAC532B28700D005D46B3 /* ContentView.swift */,
				6E2AAC642B287509005D46B3 /* ViewModel.swift */,
				6EB242942B2A498300017956 /* View */,
				6E2AAC632B2874F4005D46B3 /* Model */,
				6E2AAC572B28700F005D46B3 /* Assets.xcassets */,
				6E2AAC592B28700F005D46B3 /* Preview Content */,
			);
			path = TestNotas;
			sourceTree = "<group>";
		};
		6E2AAC592B28700F005D46B3 /* Preview Content */ = {
			isa = PBXGroup;
			children = (
				6E2AAC5A2B28700F005D46B3 /* Preview Assets.xcassets */,
			);
			path = "Preview Content";
			sourceTree = "<group>";
		};
		6E2AAC632B2874F4005D46B3 /* Model */ = {
			isa = PBXGroup;
			children = (
				6E2AAC612B2870FC005D46B3 /* Note.swift */,
			);
			path = Model;
			sourceTree = "<group>";
		};
		6EB242942B2A498300017956 /* View */ = {
			isa = PBXGroup;
			children = (
				6EB242902B29AA8C00017956 /* CreateNoteView.swift */,
				6EB242922B29B28400017956 /* UpdateNoteView.swift */,
			);
			path = View;
			sourceTree = "<group>";
		};
		6EB2429A2B2A4AA400017956 /* TestNotasTests */ = {
			isa = PBXGroup;
			children = (
				6EB2429B2B2A4AA400017956 /* TestNotasTests.swift */,
				6E953EDB2B2AFD16005893DF /* ViewModelTest.swift */,
			);
			path = TestNotasTests;
			sourceTree = "<group>";
		};
/* End PBXGroup section */

/* Begin PBXNativeTarget section */
		6E2AAC4D2B28700D005D46B3 /* TestNotas */ = {
			isa = PBXNativeTarget;
			buildConfigurationList = 6E2AAC5E2B28700F005D46B3 /* Build configuration list for PBXNativeTarget "TestNotas" */;
			buildPhases = (
				6E2AAC4A2B28700D005D46B3 /* Sources */,
				6E2AAC4B2B28700D005D46B3 /* Frameworks */,
				6E2AAC4C2B28700D005D46B3 /* Resources */,
			);
			buildRules = (
			);
			dependencies = (
			);
			name = TestNotas;
			productName = TestNotas;
			productReference = 6E2AAC4E2B28700D005D46B3 /* TestNotas.app */;
			productType = "com.apple.product-type.application";
		};
		6EB242982B2A4A9F00017956 /* TestNotasTests */ = {
			isa = PBXNativeTarget;
			buildConfigurationList = 6EB2429F2B2A4AA500017956 /* Build configuration list for PBXNativeTarget "TestNotasTests" */;
			buildPhases = (
				6EB242952B2A4A9F00017956 /* Sources */,
				6EB242962B2A4A9F00017956 /* Frameworks */,
				6EB242972B2A4A9F00017956 /* Resources */,
			);
			buildRules = (
			);
			dependencies = (
				6EB2429E2B2A4AA500017956 /* PBXTargetDependency */,
			);
			name = TestNotasTests;
			productName = TestNotasTests;
			productReference = 6EB242992B2A4AA000017956 /* TestNotasTests.xctest */;
			productType = "com.apple.product-type.bundle.unit-test";
		};
/* End PBXNativeTarget section */

/* Begin PBXProject section */
		6E2AAC462B28700D005D46B3 /* Project object */ = {
			isa = PBXProject;
			attributes = {
				BuildIndependentTargetsInParallel = 1;
				LastSwiftUpdateCheck = 1510;
				LastUpgradeCheck = 1500;
				TargetAttributes = {
					6E2AAC4D2B28700D005D46B3 = {
						CreatedOnToolsVersion = 15.0.1;
					};
					6EB242982B2A4A9F00017956 = {
						CreatedOnToolsVersion = 15.1;
						TestTargetID = 6E2AAC4D2B28700D005D46B3;
					};
				};
			};
			buildConfigurationList = 6E2AAC492B28700D005D46B3 /* Build configuration list for PBXProject "TestNotas" */;
			compatibilityVersion = "Xcode 14.0";
			developmentRegion = en;
			hasScannedForEncodings = 0;
			knownRegions = (
				en,
				Base,
			);
			mainGroup = 6E2AAC452B28700D005D46B3;
			productRefGroup = 6E2AAC4F2B28700D005D46B3 /* Products */;
			projectDirPath = "";
			projectRoot = "";
			targets = (
				6E2AAC4D2B28700D005D46B3 /* TestNotas */,
				6EB242982B2A4A9F00017956 /* TestNotasTests */,
			);
		};
/* End PBXProject section */

/* Begin PBXResourcesBuildPhase section */
		6E2AAC4C2B28700D005D46B3 /* Resources */ = {
			isa = PBXResourcesBuildPhase;
			buildActionMask = 2147483647;
			files = (
				6E2AAC5B2B28700F005D46B3 /* Preview Assets.xcassets in Resources */,
				6E2AAC582B28700F005D46B3 /* Assets.xcassets in Resources */,
			);
			runOnlyForDeploymentPostprocessing = 0;
		};
		6EB242972B2A4A9F00017956 /* Resources */ = {
			isa = PBXResourcesBuildPhase;
			buildActionMask = 2147483647;
			files = (
			);
			runOnlyForDeploymentPostprocessing = 0;
		};
/* End PBXResourcesBuildPhase section */

/* Begin PBXSourcesBuildPhase section */
		6E2AAC4A2B28700D005D46B3 /* Sources */ = {
			isa = PBXSourcesBuildPhase;
			buildActionMask = 2147483647;
			files = (
				6E2AAC652B287509005D46B3 /* ViewModel.swift in Sources */,
				6E2AAC542B28700D005D46B3 /* ContentView.swift in Sources */,
				6E2AAC522B28700D005D46B3 /* TestNotasApp.swift in Sources */,
				6EB242932B29B28400017956 /* UpdateNoteView.swift in Sources */,
				6EB242912B29AA8C00017956 /* CreateNoteView.swift in Sources */,
				6E2AAC622B2870FC005D46B3 /* Note.swift in Sources */,
			);
			runOnlyForDeploymentPostprocessing = 0;
		};
		6EB242952B2A4A9F00017956 /* Sources */ = {
			isa = PBXSourcesBuildPhase;
			buildActionMask = 2147483647;
			files = (
				6E953EDC2B2AFD16005893DF /* ViewModelTest.swift in Sources */,
				6EB2429C2B2A4AA400017956 /* TestNotasTests.swift in Sources */,
			);
			runOnlyForDeploymentPostprocessing = 0;
		};
/* End PBXSourcesBuildPhase section */

/* Begin PBXTargetDependency section */
		6EB2429E2B2A4AA500017956 /* PBXTargetDependency */ = {
			isa = PBXTargetDependency;
			target = 6E2AAC4D2B28700D005D46B3 /* TestNotas */;
			targetProxy = 6EB2429D2B2A4AA500017956 /* PBXContainerItemProxy */;
		};
/* End PBXTargetDependency section */

/* Begin XCBuildConfiguration section */
		6E2AAC5C2B28700F005D46B3 /* Debug */ = {
			isa = XCBuildConfiguration;
			buildSettings = {
				ALWAYS_SEARCH_USER_PATHS = NO;
				ASSETCATALOG_COMPILER_GENERATE_SWIFT_ASSET_SYMBOL_EXTENSIONS = YES;
				CLANG_ANALYZER_NONNULL = YES;
				CLANG_ANALYZER_NUMBER_OBJECT_CONVERSION = YES_AGGRESSIVE;
				CLANG_CXX_LANGUAGE_STANDARD = "gnu++20";
				CLANG_ENABLE_MODULES = YES;
				CLANG_ENABLE_OBJC_ARC = YES;
				CLANG_ENABLE_OBJC_WEAK = YES;
				CLANG_WARN_BLOCK_CAPTURE_AUTORELEASING = YES;
				CLANG_WARN_BOOL_CONVERSION = YES;
				CLANG_WARN_COMMA = YES;
				CLANG_WARN_CONSTANT_CONVERSION = YES;
				CLANG_WARN_DEPRECATED_OBJC_IMPLEMENTATIONS = YES;
				CLANG_WARN_DIRECT_OBJC_ISA_USAGE = YES_ERROR;
				CLANG_WARN_DOCUMENTATION_COMMENTS = YES;
				CLANG_WARN_EMPTY_BODY = YES;
				CLANG_WARN_ENUM_CONVERSION = YES;
				CLANG_WARN_INFINITE_RECURSION = YES;
				CLANG_WARN_INT_CONVERSION = YES;
				CLANG_WARN_NON_LITERAL_NULL_CONVERSION = YES;
				CLANG_WARN_OBJC_IMPLICIT_RETAIN_SELF = YES;
				CLANG_WARN_OBJC_LITERAL_CONVERSION = YES;
				CLANG_WARN_OBJC_ROOT_CLASS = YES_ERROR;
				CLANG_WARN_QUOTED_INCLUDE_IN_FRAMEWORK_HEADER = YES;
				CLANG_WARN_RANGE_LOOP_ANALYSIS = YES;
				CLANG_WARN_STRICT_PROTOTYPES = YES;
				CLANG_WARN_SUSPICIOUS_MOVE = YES;
				CLANG_WARN_UNGUARDED_AVAILABILITY = YES_AGGRESSIVE;
				CLANG_WARN_UNREACHABLE_CODE = YES;
				CLANG_WARN__DUPLICATE_METHOD_MATCH = YES;
				COPY_PHASE_STRIP = NO;
				DEBUG_INFORMATION_FORMAT = dwarf;
				ENABLE_STRICT_OBJC_MSGSEND = YES;
				ENABLE_TESTABILITY = YES;
				ENABLE_USER_SCRIPT_SANDBOXING = YES;
				GCC_C_LANGUAGE_STANDARD = gnu17;
				GCC_DYNAMIC_NO_PIC = NO;
				GCC_NO_COMMON_BLOCKS = YES;
				GCC_OPTIMIZATION_LEVEL = 0;
				GCC_PREPROCESSOR_DEFINITIONS = (
					"DEBUG=1",
					"$(inherited)",
				);
				GCC_WARN_64_TO_32_BIT_CONVERSION = YES;
				GCC_WARN_ABOUT_RETURN_TYPE = YES_ERROR;
				GCC_WARN_UNDECLARED_SELECTOR = YES;
				GCC_WARN_UNINITIALIZED_AUTOS = YES_AGGRESSIVE;
				GCC_WARN_UNUSED_FUNCTION = YES;
				GCC_WARN_UNUSED_VARIABLE = YES;
				IPHONEOS_DEPLOYMENT_TARGET = 17.0;
				LOCALIZATION_PREFERS_STRING_CATALOGS = YES;
				MTL_ENABLE_DEBUG_INFO = INCLUDE_SOURCE;
				MTL_FAST_MATH = YES;
				ONLY_ACTIVE_ARCH = YES;
				SDKROOT = iphoneos;
				SWIFT_ACTIVE_COMPILATION_CONDITIONS = "DEBUG $(inherited)";
				SWIFT_OPTIMIZATION_LEVEL = "-Onone";
			};
			name = Debug;
		};
		6E2AAC5D2B28700F005D46B3 /* Release */ = {
			isa = XCBuildConfiguration;
			buildSettings = {
				ALWAYS_SEARCH_USER_PATHS = NO;
				ASSETCATALOG_COMPILER_GENERATE_SWIFT_ASSET_SYMBOL_EXTENSIONS = YES;
				CLANG_ANALYZER_NONNULL = YES;
				CLANG_ANALYZER_NUMBER_OBJECT_CONVERSION = YES_AGGRESSIVE;
				CLANG_CXX_LANGUAGE_STANDARD = "gnu++20";
				CLANG_ENABLE_MODULES = YES;
				CLANG_ENABLE_OBJC_ARC = YES;
				CLANG_ENABLE_OBJC_WEAK = YES;
				CLANG_WARN_BLOCK_CAPTURE_AUTORELEASING = YES;
				CLANG_WARN_BOOL_CONVERSION = YES;
				CLANG_WARN_COMMA = YES;
				CLANG_WARN_CONSTANT_CONVERSION = YES;
				CLANG_WARN_DEPRECATED_OBJC_IMPLEMENTATIONS = YES;
				CLANG_WARN_DIRECT_OBJC_ISA_USAGE = YES_ERROR;
				CLANG_WARN_DOCUMENTATION_COMMENTS = YES;
				CLANG_WARN_EMPTY_BODY = YES;
				CLANG_WARN_ENUM_CONVERSION = YES;
				CLANG_WARN_INFINITE_RECURSION = YES;
				CLANG_WARN_INT_CONVERSION = YES;
				CLANG_WARN_NON_LITERAL_NULL_CONVERSION = YES;
				CLANG_WARN_OBJC_IMPLICIT_RETAIN_SELF = YES;
				CLANG_WARN_OBJC_LITERAL_CONVERSION = YES;
				CLANG_WARN_OBJC_ROOT_CLASS = YES_ERROR;
				CLANG_WARN_QUOTED_INCLUDE_IN_FRAMEWORK_HEADER = YES;
				CLANG_WARN_RANGE_LOOP_ANALYSIS = YES;
				CLANG_WARN_STRICT_PROTOTYPES = YES;
				CLANG_WARN_SUSPICIOUS_MOVE = YES;
				CLANG_WARN_UNGUARDED_AVAILABILITY = YES_AGGRESSIVE;
				CLANG_WARN_UNREACHABLE_CODE = YES;
				CLANG_WARN__DUPLICATE_METHOD_MATCH = YES;
				COPY_PHASE_STRIP = NO;
				DEBUG_INFORMATION_FORMAT = "dwarf-with-dsym";
				ENABLE_NS_ASSERTIONS = NO;
				ENABLE_STRICT_OBJC_MSGSEND = YES;
				ENABLE_USER_SCRIPT_SANDBOXING = YES;
				GCC_C_LANGUAGE_STANDARD = gnu17;
				GCC_NO_COMMON_BLOCKS = YES;
				GCC_WARN_64_TO_32_BIT_CONVERSION = YES;
				GCC_WARN_ABOUT_RETURN_TYPE = YES_ERROR;
				GCC_WARN_UNDECLARED_SELECTOR = YES;
				GCC_WARN_UNINITIALIZED_AUTOS = YES_AGGRESSIVE;
				GCC_WARN_UNUSED_FUNCTION = YES;
				GCC_WARN_UNUSED_VARIABLE = YES;
				IPHONEOS_DEPLOYMENT_TARGET = 17.0;
				LOCALIZATION_PREFERS_STRING_CATALOGS = YES;
				MTL_ENABLE_DEBUG_INFO = NO;
				MTL_FAST_MATH = YES;
				SDKROOT = iphoneos;
				SWIFT_COMPILATION_MODE = wholemodule;
				VALIDATE_PRODUCT = YES;
			};
			name = Release;
		};
		6E2AAC5F2B28700F005D46B3 /* Debug */ = {
			isa = XCBuildConfiguration;
			buildSettings = {
				ASSETCATALOG_COMPILER_APPICON_NAME = AppIcon;
				ASSETCATALOG_COMPILER_GLOBAL_ACCENT_COLOR_NAME = AccentColor;
				CODE_SIGN_STYLE = Automatic;
				CURRENT_PROJECT_VERSION = 1;
				DEVELOPMENT_ASSET_PATHS = "\"TestNotas/Preview Content\"";
				DEVELOPMENT_TEAM = MZJ94ZA8T8;
				ENABLE_PREVIEWS = YES;
				GENERATE_INFOPLIST_FILE = YES;
				INFOPLIST_KEY_UIApplicationSceneManifest_Generation = YES;
				INFOPLIST_KEY_UIApplicationSupportsIndirectInputEvents = YES;
				INFOPLIST_KEY_UILaunchScreen_Generation = YES;
				INFOPLIST_KEY_UISupportedInterfaceOrientations_iPad = "UIInterfaceOrientationPortrait UIInterfaceOrientationPortraitUpsideDown UIInterfaceOrientationLandscapeLeft UIInterfaceOrientationLandscapeRight";
				INFOPLIST_KEY_UISupportedInterfaceOrientations_iPhone = "UIInterfaceOrientationPortrait UIInterfaceOrientationLandscapeLeft UIInterfaceOrientationLandscapeRight";
				IPHONEOS_DEPLOYMENT_TARGET = 17.1;
				LD_RUNPATH_SEARCH_PATHS = (
					"$(inherited)",
					"@executable_path/Frameworks",
				);
				MARKETING_VERSION = 1.0;
				PRODUCT_BUNDLE_IDENTIFIER = com.mikel.TestNotas;
				PRODUCT_NAME = "$(TARGET_NAME)";
				SWIFT_EMIT_LOC_STRINGS = YES;
				SWIFT_VERSION = 5.0;
				TARGETED_DEVICE_FAMILY = "1,2";
			};
			name = Debug;
		};
		6E2AAC602B28700F005D46B3 /* Release */ = {
			isa = XCBuildConfiguration;
			buildSettings = {
				ASSETCATALOG_COMPILER_APPICON_NAME = AppIcon;
				ASSETCATALOG_COMPILER_GLOBAL_ACCENT_COLOR_NAME = AccentColor;
				CODE_SIGN_STYLE = Automatic;
				CURRENT_PROJECT_VERSION = 1;
				DEVELOPMENT_ASSET_PATHS = "\"TestNotas/Preview Content\"";
				DEVELOPMENT_TEAM = MZJ94ZA8T8;
				ENABLE_PREVIEWS = YES;
				GENERATE_INFOPLIST_FILE = YES;
				INFOPLIST_KEY_UIApplicationSceneManifest_Generation = YES;
				INFOPLIST_KEY_UIApplicationSupportsIndirectInputEvents = YES;
				INFOPLIST_KEY_UILaunchScreen_Generation = YES;
				INFOPLIST_KEY_UISupportedInterfaceOrientations_iPad = "UIInterfaceOrientationPortrait UIInterfaceOrientationPortraitUpsideDown UIInterfaceOrientationLandscapeLeft UIInterfaceOrientationLandscapeRight";
				INFOPLIST_KEY_UISupportedInterfaceOrientations_iPhone = "UIInterfaceOrientationPortrait UIInterfaceOrientationLandscapeLeft UIInterfaceOrientationLandscapeRight";
				IPHONEOS_DEPLOYMENT_TARGET = 17.1;
				LD_RUNPATH_SEARCH_PATHS = (
					"$(inherited)",
					"@executable_path/Frameworks",
				);
				MARKETING_VERSION = 1.0;
				PRODUCT_BUNDLE_IDENTIFIER = com.mikel.TestNotas;
				PRODUCT_NAME = "$(TARGET_NAME)";
				SWIFT_EMIT_LOC_STRINGS = YES;
				SWIFT_VERSION = 5.0;
				TARGETED_DEVICE_FAMILY = "1,2";
			};
			name = Release;
		};
		6EB242A02B2A4AA500017956 /* Debug */ = {
			isa = XCBuildConfiguration;
			buildSettings = {
				BUNDLE_LOADER = "$(TEST_HOST)";
				CODE_SIGN_STYLE = Automatic;
				CURRENT_PROJECT_VERSION = 1;
				DEVELOPMENT_TEAM = MZJ94ZA8T8;
				GENERATE_INFOPLIST_FILE = YES;
				IPHONEOS_DEPLOYMENT_TARGET = 17.2;
				MARKETING_VERSION = 1.0;
				PRODUCT_BUNDLE_IDENTIFIER = com.mikel.TestNotasTests;
				PRODUCT_NAME = "$(TARGET_NAME)";
				SWIFT_EMIT_LOC_STRINGS = NO;
				SWIFT_VERSION = 5.0;
				TARGETED_DEVICE_FAMILY = "1,2";
				TEST_HOST = "$(BUILT_PRODUCTS_DIR)/TestNotas.app/$(BUNDLE_EXECUTABLE_FOLDER_PATH)/TestNotas";
			};
			name = Debug;
		};
		6EB242A12B2A4AA500017956 /* Release */ = {
			isa = XCBuildConfiguration;
			buildSettings = {
				BUNDLE_LOADER = "$(TEST_HOST)";
				CODE_SIGN_STYLE = Automatic;
				CURRENT_PROJECT_VERSION = 1;
				DEVELOPMENT_TEAM = MZJ94ZA8T8;
				GENERATE_INFOPLIST_FILE = YES;
				IPHONEOS_DEPLOYMENT_TARGET = 17.2;
				MARKETING_VERSION = 1.0;
				PRODUCT_BUNDLE_IDENTIFIER = com.mikel.TestNotasTests;
				PRODUCT_NAME = "$(TARGET_NAME)";
				SWIFT_EMIT_LOC_STRINGS = NO;
				SWIFT_VERSION = 5.0;
				TARGETED_DEVICE_FAMILY = "1,2";
				TEST_HOST = "$(BUILT_PRODUCTS_DIR)/TestNotas.app/$(BUNDLE_EXECUTABLE_FOLDER_PATH)/TestNotas";
			};
			name = Release;
		};
/* End XCBuildConfiguration section */

/* Begin XCConfigurationList section */
		6E2AAC492B28700D005D46B3 /* Build configuration list for PBXProject "TestNotas" */ = {
			isa = XCConfigurationList;
			buildConfigurations = (
				6E2AAC5C2B28700F005D46B3 /* Debug */,
				6E2AAC5D2B28700F005D46B3 /* Release */,
			);
			defaultConfigurationIsVisible = 0;
			defaultConfigurationName = Release;
		};
		6E2AAC5E2B28700F005D46B3 /* Build configuration list for PBXNativeTarget "TestNotas" */ = {
			isa = XCConfigurationList;
			buildConfigurations = (
				6E2AAC5F2B28700F005D46B3 /* Debug */,
				6E2AAC602B28700F005D46B3 /* Release */,
			);
			defaultConfigurationIsVisible = 0;
			defaultConfigurationName = Release;
		};
		6EB2429F2B2A4AA500017956 /* Build configuration list for PBXNativeTarget "TestNotasTests" */ = {
			isa = XCConfigurationList;
			buildConfigurations = (
				6EB242A02B2A4AA500017956 /* Debug */,
				6EB242A12B2A4AA500017956 /* Release */,
			);
			defaultConfigurationIsVisible = 0;
			defaultConfigurationName = Release;
		};
/* End XCConfigurationList section */
	};
	rootObject = 6E2AAC462B28700D005D46B3 /* Project object */;
}
